// !$*UTF8*$!
{
	archiveVersion = 1;
	classes = {
	};
	objectVersion = 46;
	objects = {

/* Begin PBXBuildFile section */
		2809AF5B19C4800B0054477B /* python.tmLanguageJSON in Resources */ = {isa = PBXBuildFile; fileRef = 2809AF5A19C4800B0054477B /* python.tmLanguageJSON */; };
		2809AF5C19C4800B0054477B /* python.tmLanguageJSON in Resources */ = {isa = PBXBuildFile; fileRef = 2809AF5A19C4800B0054477B /* python.tmLanguageJSON */; };
		280D7E5619AE2655004F95D4 /* DocumentHighlighter.swift in Sources */ = {isa = PBXBuildFile; fileRef = 286A24E319AE21BF003D2269 /* DocumentHighlighter.swift */; };
		280D7E5A19AE27A8004F95D4 /* DocumentHighlighterTests.swift in Sources */ = {isa = PBXBuildFile; fileRef = 280D7E5919AE27A8004F95D4 /* DocumentHighlighterTests.swift */; };
		280D7E5C19AE2807004F95D4 /* DocumentNode.swift in Sources */ = {isa = PBXBuildFile; fileRef = 280D7E5B19AE2807004F95D4 /* DocumentNode.swift */; };
		280D7E5D19AE2807004F95D4 /* DocumentNode.swift in Sources */ = {isa = PBXBuildFile; fileRef = 280D7E5B19AE2807004F95D4 /* DocumentNode.swift */; };
		280D7E5F19AE283B004F95D4 /* DocumentNodeTests.swift in Sources */ = {isa = PBXBuildFile; fileRef = 280D7E5E19AE283B004F95D4 /* DocumentNodeTests.swift */; };
		280D7E6119AE4E19004F95D4 /* DocumentParser.swift in Sources */ = {isa = PBXBuildFile; fileRef = 280D7E6019AE4E19004F95D4 /* DocumentParser.swift */; };
		280D7E6219AE4E19004F95D4 /* DocumentParser.swift in Sources */ = {isa = PBXBuildFile; fileRef = 280D7E6019AE4E19004F95D4 /* DocumentParser.swift */; };
		282FC3BE19986F8700EB78A1 /* TomeInventory.swift in Sources */ = {isa = PBXBuildFile; fileRef = 282FC3BD19986F8700EB78A1 /* TomeInventory.swift */; };
		285A5426199C34BD00932DDE /* OnigRegexp.m in Sources */ = {isa = PBXBuildFile; fileRef = 285A540E199C34BD00932DDE /* OnigRegexp.m */; };
		285A5427199C34BD00932DDE /* COPYING in Resources */ = {isa = PBXBuildFile; fileRef = 285A5411199C34BD00932DDE /* COPYING */; };
		285A5428199C34BD00932DDE /* ascii.c in Sources */ = {isa = PBXBuildFile; fileRef = 285A5413199C34BD00932DDE /* ascii.c */; };
		285A5429199C34BD00932DDE /* unicode.c in Sources */ = {isa = PBXBuildFile; fileRef = 285A5414199C34BD00932DDE /* unicode.c */; };
		285A542A199C34BD00932DDE /* utf16_le.c in Sources */ = {isa = PBXBuildFile; fileRef = 285A5415199C34BD00932DDE /* utf16_le.c */; };
		285A542B199C34BD00932DDE /* regcomp.c in Sources */ = {isa = PBXBuildFile; fileRef = 285A5417199C34BD00932DDE /* regcomp.c */; };
		285A542C199C34BD00932DDE /* regenc.c in Sources */ = {isa = PBXBuildFile; fileRef = 285A5418199C34BD00932DDE /* regenc.c */; };
		285A542D199C34BD00932DDE /* regerror.c in Sources */ = {isa = PBXBuildFile; fileRef = 285A541A199C34BD00932DDE /* regerror.c */; };
		285A542E199C34BD00932DDE /* regexec.c in Sources */ = {isa = PBXBuildFile; fileRef = 285A541B199C34BD00932DDE /* regexec.c */; };
		285A542F199C34BD00932DDE /* regext.c in Sources */ = {isa = PBXBuildFile; fileRef = 285A541C199C34BD00932DDE /* regext.c */; };
		285A5430199C34BD00932DDE /* regparse.c in Sources */ = {isa = PBXBuildFile; fileRef = 285A541E199C34BD00932DDE /* regparse.c */; };
		285A5431199C34BD00932DDE /* regsyntax.c in Sources */ = {isa = PBXBuildFile; fileRef = 285A5420199C34BD00932DDE /* regsyntax.c */; };
		285A5432199C34BD00932DDE /* regtrav.c in Sources */ = {isa = PBXBuildFile; fileRef = 285A5421199C34BD00932DDE /* regtrav.c */; };
		285A5433199C34BD00932DDE /* regversion.c in Sources */ = {isa = PBXBuildFile; fileRef = 285A5422199C34BD00932DDE /* regversion.c */; };
		285A5434199C34BD00932DDE /* st.c in Sources */ = {isa = PBXBuildFile; fileRef = 285A5423199C34BD00932DDE /* st.c */; };
		285A5435199C34BD00932DDE /* OnigRegexpUtility.m in Sources */ = {isa = PBXBuildFile; fileRef = 285A5425199C34BD00932DDE /* OnigRegexpUtility.m */; };
		286A24E419AE21BF003D2269 /* DocumentHighlighter.swift in Sources */ = {isa = PBXBuildFile; fileRef = 286A24E319AE21BF003D2269 /* DocumentHighlighter.swift */; };
		287AE0A4199290DF00EEE4F0 /* CodeCombatTests.swift in Sources */ = {isa = PBXBuildFile; fileRef = 287AE0A3199290DF00EEE4F0 /* CodeCombatTests.swift */; };
		287AE0B61992926400EEE4F0 /* LevelLoadingViewController.swift in Sources */ = {isa = PBXBuildFile; fileRef = 287AE0AE1992926400EEE4F0 /* LevelLoadingViewController.swift */; };
		287AE0B71992926400EEE4F0 /* Main.storyboard in Resources */ = {isa = PBXBuildFile; fileRef = 287AE0AF1992926400EEE4F0 /* Main.storyboard */; };
		287AE0B81992926400EEE4F0 /* EditorTextStorage.swift in Sources */ = {isa = PBXBuildFile; fileRef = 287AE0B01992926400EEE4F0 /* EditorTextStorage.swift */; };
		287AE0B91992926400EEE4F0 /* AppDelegate.swift in Sources */ = {isa = PBXBuildFile; fileRef = 287AE0B11992926400EEE4F0 /* AppDelegate.swift */; };
		287AE0BA1992926400EEE4F0 /* BackbonePublisher.swift in Sources */ = {isa = PBXBuildFile; fileRef = 287AE0B21992926400EEE4F0 /* BackbonePublisher.swift */; };
		287AE0BB1992926400EEE4F0 /* CodeCombatIAPHelper.swift in Sources */ = {isa = PBXBuildFile; fileRef = 287AE0B31992926400EEE4F0 /* CodeCombatIAPHelper.swift */; };
		287AE0BC1992926400EEE4F0 /* EditorLayoutManager.swift in Sources */ = {isa = PBXBuildFile; fileRef = 287AE0B41992926400EEE4F0 /* EditorLayoutManager.swift */; };
		287AE0BD1992926400EEE4F0 /* EditorTextViewController.swift in Sources */ = {isa = PBXBuildFile; fileRef = 287AE0B51992926400EEE4F0 /* EditorTextViewController.swift */; };
		287AE0CE1992927300EEE4F0 /* LevelPlaybackViewController.swift in Sources */ = {isa = PBXBuildFile; fileRef = 287AE0BF1992927300EEE4F0 /* LevelPlaybackViewController.swift */; };
		287AE0CF1992927300EEE4F0 /* LoginViewController.swift in Sources */ = {isa = PBXBuildFile; fileRef = 287AE0C01992927300EEE4F0 /* LoginViewController.swift */; };
		287AE0D01992927300EEE4F0 /* MainMenuController.swift in Sources */ = {isa = PBXBuildFile; fileRef = 287AE0C11992927300EEE4F0 /* MainMenuController.swift */; };
		287AE0D11992927300EEE4F0 /* PlayViewChildViewController.swift in Sources */ = {isa = PBXBuildFile; fileRef = 287AE0C21992927300EEE4F0 /* PlayViewChildViewController.swift */; };
		287AE0D21992927300EEE4F0 /* PlayViewController.swift in Sources */ = {isa = PBXBuildFile; fileRef = 287AE0C31992927300EEE4F0 /* PlayViewController.swift */; };
		287AE0D31992927300EEE4F0 /* progressListener.js in Resources */ = {isa = PBXBuildFile; fileRef = 287AE0C41992927300EEE4F0 /* progressListener.js */; };
		287AE0D41992927300EEE4F0 /* SpellPaletteViewController.swift in Sources */ = {isa = PBXBuildFile; fileRef = 287AE0C51992927300EEE4F0 /* SpellPaletteViewController.swift */; };
		287AE0D51992927300EEE4F0 /* SpriteDialogue.swift in Sources */ = {isa = PBXBuildFile; fileRef = 287AE0C61992927300EEE4F0 /* SpriteDialogue.swift */; };
		287AE0D61992927300EEE4F0 /* SpriteDialogueViewController.swift in Sources */ = {isa = PBXBuildFile; fileRef = 287AE0C71992927300EEE4F0 /* SpriteDialogueViewController.swift */; };
		287AE0D71992927300EEE4F0 /* StoreItemDetailViewController.swift in Sources */ = {isa = PBXBuildFile; fileRef = 287AE0C81992927300EEE4F0 /* StoreItemDetailViewController.swift */; };
		287AE0D81992927300EEE4F0 /* StoreViewController.swift in Sources */ = {isa = PBXBuildFile; fileRef = 287AE0C91992927300EEE4F0 /* StoreViewController.swift */; };
		287AE0D91992927300EEE4F0 /* User.swift in Sources */ = {isa = PBXBuildFile; fileRef = 287AE0CA1992927300EEE4F0 /* User.swift */; };
		287AE0DA1992927300EEE4F0 /* wasted_work.swift in Sources */ = {isa = PBXBuildFile; fileRef = 287AE0CB1992927300EEE4F0 /* wasted_work.swift */; };
		287AE0DB1992927300EEE4F0 /* WebManager.swift in Sources */ = {isa = PBXBuildFile; fileRef = 287AE0CC1992927300EEE4F0 /* WebManager.swift */; };
		287AE0DC1992927300EEE4F0 /* ColorManager.swift in Sources */ = {isa = PBXBuildFile; fileRef = 287AE0CD1992927300EEE4F0 /* ColorManager.swift */; };
		287AE0DE199292CE00EEE4F0 /* IAPHelper.swift in Sources */ = {isa = PBXBuildFile; fileRef = 287AE0DD199292CE00EEE4F0 /* IAPHelper.swift */; };
		287AE0E0199292E400EEE4F0 /* InventoryCell.swift in Sources */ = {isa = PBXBuildFile; fileRef = 287AE0DF199292E400EEE4F0 /* InventoryCell.swift */; };
		287AE0E2199292F900EEE4F0 /* EquippedItemsViewController.swift in Sources */ = {isa = PBXBuildFile; fileRef = 287AE0E1199292F900EEE4F0 /* EquippedItemsViewController.swift */; };
		287AE0FA199293B600EEE4F0 /* fmemopen.c in Sources */ = {isa = PBXBuildFile; fileRef = 287AE0F1199293B600EEE4F0 /* fmemopen.c */; };
		287AE0FB199293B600EEE4F0 /* MarkdownTokenizer.m in Sources */ = {isa = PBXBuildFile; fileRef = 287AE0F3199293B600EEE4F0 /* MarkdownTokenizer.m */; };
		287AE0FC199293B600EEE4F0 /* MarkdownTokens.m in Sources */ = {isa = PBXBuildFile; fileRef = 287AE0F5199293B600EEE4F0 /* MarkdownTokens.m */; };
		287AE0FD199293B600EEE4F0 /* NSAttributedStringMarkdownParser.m in Sources */ = {isa = PBXBuildFile; fileRef = 287AE0F9199293B600EEE4F0 /* NSAttributedStringMarkdownParser.m */; };
		287AE0FF199293FA00EEE4F0 /* Images.xcassets in Resources */ = {isa = PBXBuildFile; fileRef = 287AE0FE199293FA00EEE4F0 /* Images.xcassets */; };
		287AE108199294CC00EEE4F0 /* ParticleScene.swift in Sources */ = {isa = PBXBuildFile; fileRef = 287AE104199294CC00EEE4F0 /* ParticleScene.swift */; };
		287AE109199294CC00EEE4F0 /* ParticleView.swift in Sources */ = {isa = PBXBuildFile; fileRef = 287AE105199294CC00EEE4F0 /* ParticleView.swift */; };
		287AE10A199294CC00EEE4F0 /* spark.png in Resources */ = {isa = PBXBuildFile; fileRef = 287AE106199294CC00EEE4F0 /* spark.png */; };
		287AE10B199294CC00EEE4F0 /* TestParticle.sks in Resources */ = {isa = PBXBuildFile; fileRef = 287AE107199294CC00EEE4F0 /* TestParticle.sks */; };
		28B3E3A419AE687300C6B12A /* json.swift in Sources */ = {isa = PBXBuildFile; fileRef = C827D1D01994726600B5724C /* json.swift */; };
		28B3E3A519AE688600C6B12A /* OnigRegexp.m in Sources */ = {isa = PBXBuildFile; fileRef = 285A540E199C34BD00932DDE /* OnigRegexp.m */; };
		28B3E3A619AE68A200C6B12A /* st.c in Sources */ = {isa = PBXBuildFile; fileRef = 285A5423199C34BD00932DDE /* st.c */; };
		28B3E3A719AE68A600C6B12A /* regversion.c in Sources */ = {isa = PBXBuildFile; fileRef = 285A5422199C34BD00932DDE /* regversion.c */; };
		28B3E3A819AE68A900C6B12A /* regtrav.c in Sources */ = {isa = PBXBuildFile; fileRef = 285A5421199C34BD00932DDE /* regtrav.c */; };
		28B3E3A919AE68AC00C6B12A /* regsyntax.c in Sources */ = {isa = PBXBuildFile; fileRef = 285A5420199C34BD00932DDE /* regsyntax.c */; };
		28B3E3AA19AE68B300C6B12A /* regparse.c in Sources */ = {isa = PBXBuildFile; fileRef = 285A541E199C34BD00932DDE /* regparse.c */; };
		28B3E3AB19AE68BC00C6B12A /* regerror.c in Sources */ = {isa = PBXBuildFile; fileRef = 285A541A199C34BD00932DDE /* regerror.c */; };
		28B3E3AC19AE68BC00C6B12A /* regexec.c in Sources */ = {isa = PBXBuildFile; fileRef = 285A541B199C34BD00932DDE /* regexec.c */; };
		28B3E3AD19AE68BC00C6B12A /* regext.c in Sources */ = {isa = PBXBuildFile; fileRef = 285A541C199C34BD00932DDE /* regext.c */; };
		28B3E3AE19AE68C000C6B12A /* regcomp.c in Sources */ = {isa = PBXBuildFile; fileRef = 285A5417199C34BD00932DDE /* regcomp.c */; };
		28B3E3AF19AE68C000C6B12A /* regenc.c in Sources */ = {isa = PBXBuildFile; fileRef = 285A5418199C34BD00932DDE /* regenc.c */; };
		28B3E3B019AE68C800C6B12A /* ascii.c in Sources */ = {isa = PBXBuildFile; fileRef = 285A5413199C34BD00932DDE /* ascii.c */; };
		28B3E3B119AE68C800C6B12A /* unicode.c in Sources */ = {isa = PBXBuildFile; fileRef = 285A5414199C34BD00932DDE /* unicode.c */; };
		28B3E3B219AE68C800C6B12A /* utf16_le.c in Sources */ = {isa = PBXBuildFile; fileRef = 285A5415199C34BD00932DDE /* utf16_le.c */; };
		28B3E3B319AE68CE00C6B12A /* OnigRegexpUtility.m in Sources */ = {isa = PBXBuildFile; fileRef = 285A5425199C34BD00932DDE /* OnigRegexpUtility.m */; };
		28B3E3B619AE750800C6B12A /* LanguageProviderTests.swift in Sources */ = {isa = PBXBuildFile; fileRef = 28B3E3B519AE750800C6B12A /* LanguageProviderTests.swift */; };
		28B3E3B819AE791100C6B12A /* javascript.tmLanguageJSON in Resources */ = {isa = PBXBuildFile; fileRef = 28B3E3B719AE791100C6B12A /* javascript.tmLanguageJSON */; };
		28B3E3BA19B0D7B000C6B12A /* RegexTests.swift in Sources */ = {isa = PBXBuildFile; fileRef = 28B3E3B919B0D7B000C6B12A /* RegexTests.swift */; };
		28B3E3BC19B4F6DD00C6B12A /* example.tmLanguageJSON in Resources */ = {isa = PBXBuildFile; fileRef = 28B3E3BB19B4F6DD00C6B12A /* example.tmLanguageJSON */; };
		28BA9B561992D5DA006ACB3A /* NewPlayViewController.swift in Sources */ = {isa = PBXBuildFile; fileRef = 28BA9B551992D5DA006ACB3A /* NewPlayViewController.swift */; };
		28C96DF71993D09C009FCD9E /* EditorTextView.swift in Sources */ = {isa = PBXBuildFile; fileRef = 28C96DF61993D09C009FCD9E /* EditorTextView.swift */; };
		28C96DFE1993FF3B009FCD9E /* Editor.swift in Sources */ = {isa = PBXBuildFile; fileRef = 28C96DFD1993FF3B009FCD9E /* Editor.swift */; };
		28DE0CDD1999305700C6699D /* TomeInventoryViewController.swift in Sources */ = {isa = PBXBuildFile; fileRef = 28DE0CDC1999305700C6699D /* TomeInventoryViewController.swift */; };
		28DE0CE0199959DB00C6699D /* TomeEditorViewController.swift in Sources */ = {isa = PBXBuildFile; fileRef = 28DE0CDF199959DB00C6699D /* TomeEditorViewController.swift */; };
		28DE0CE4199AA84300C6699D /* Syntax.swift in Sources */ = {isa = PBXBuildFile; fileRef = 28DE0CE3199AA84300C6699D /* Syntax.swift */; };
		28DE0CFF199AE1D600C6699D /* javascriptSyntax.json in Resources */ = {isa = PBXBuildFile; fileRef = 28DE0CFE199AE1D600C6699D /* javascriptSyntax.json */; };
		C827D1C919943EA500B5724C /* Utilities.swift in Sources */ = {isa = PBXBuildFile; fileRef = C827D1C819943EA500B5724C /* Utilities.swift */; };
		C827D1CB19943FF700B5724C /* items_tharin.json in Resources */ = {isa = PBXBuildFile; fileRef = C827D1CA19943FF700B5724C /* items_tharin.json */; };
		C827D1CD199443AE00B5724C /* properties.json in Resources */ = {isa = PBXBuildFile; fileRef = C827D1CC199443AE00B5724C /* properties.json */; };
		C827D1CF1994457700B5724C /* items_all.json in Resources */ = {isa = PBXBuildFile; fileRef = C827D1CE1994457700B5724C /* items_all.json */; };
		C827D1D11994726600B5724C /* json.swift in Sources */ = {isa = PBXBuildFile; fileRef = C827D1D01994726600B5724C /* json.swift */; };
		C827D1D51994784E00B5724C /* TomeInventoryItem.swift in Sources */ = {isa = PBXBuildFile; fileRef = C827D1D31994784E00B5724C /* TomeInventoryItem.swift */; };
		C827D1D61994784E00B5724C /* TomeInventoryItemProperty.swift in Sources */ = {isa = PBXBuildFile; fileRef = C827D1D41994784E00B5724C /* TomeInventoryItemProperty.swift */; };
		C827D1D91994937C00B5724C /* TomeInventoryItemView.swift in Sources */ = {isa = PBXBuildFile; fileRef = C827D1D81994937C00B5724C /* TomeInventoryItemView.swift */; };
		C827D1DB19949E0200B5724C /* TomeInventoryItemPropertyView.swift in Sources */ = {isa = PBXBuildFile; fileRef = C827D1DA19949E0200B5724C /* TomeInventoryItemPropertyView.swift */; };
/* End PBXBuildFile section */

/* Begin PBXContainerItemProxy section */
		280D7E5719AE268D004F95D4 /* PBXContainerItemProxy */ = {
			isa = PBXContainerItemProxy;
			containerPortal = 287AE083199290DF00EEE4F0 /* Project object */;
			proxyType = 1;
			remoteGlobalIDString = 287AE08A199290DF00EEE4F0;
			remoteInfo = CodeCombat;
		};
		287AE09E199290DF00EEE4F0 /* PBXContainerItemProxy */ = {
			isa = PBXContainerItemProxy;
			containerPortal = 287AE083199290DF00EEE4F0 /* Project object */;
			proxyType = 1;
			remoteGlobalIDString = 287AE08A199290DF00EEE4F0;
			remoteInfo = CodeCombat;
		};
		288F11D2199C6B8800CA8A71 /* PBXContainerItemProxy */ = {
			isa = PBXContainerItemProxy;
			containerPortal = 287AE083199290DF00EEE4F0 /* Project object */;
			proxyType = 1;
			remoteGlobalIDString = 287AE08A199290DF00EEE4F0;
			remoteInfo = CodeCombat;
		};
		288F11D4199C6B8900CA8A71 /* PBXContainerItemProxy */ = {
			isa = PBXContainerItemProxy;
			containerPortal = 287AE083199290DF00EEE4F0 /* Project object */;
			proxyType = 1;
			remoteGlobalIDString = 287AE08A199290DF00EEE4F0;
			remoteInfo = CodeCombat;
		};
		288F11D6199C6BD100CA8A71 /* PBXContainerItemProxy */ = {
			isa = PBXContainerItemProxy;
			containerPortal = 287AE083199290DF00EEE4F0 /* Project object */;
			proxyType = 1;
			remoteGlobalIDString = 287AE08A199290DF00EEE4F0;
			remoteInfo = CodeCombat;
		};
		288F11D8199C6BD100CA8A71 /* PBXContainerItemProxy */ = {
			isa = PBXContainerItemProxy;
			containerPortal = 287AE083199290DF00EEE4F0 /* Project object */;
			proxyType = 1;
			remoteGlobalIDString = 287AE08A199290DF00EEE4F0;
			remoteInfo = CodeCombat;
		};
/* End PBXContainerItemProxy section */

/* Begin PBXFileReference section */
		2809AF5A19C4800B0054477B /* python.tmLanguageJSON */ = {isa = PBXFileReference; fileEncoding = 4; lastKnownFileType = text; path = python.tmLanguageJSON; sourceTree = "<group>"; };
		280D7E5919AE27A8004F95D4 /* DocumentHighlighterTests.swift */ = {isa = PBXFileReference; fileEncoding = 4; lastKnownFileType = sourcecode.swift; path = DocumentHighlighterTests.swift; sourceTree = "<group>"; };
		280D7E5B19AE2807004F95D4 /* DocumentNode.swift */ = {isa = PBXFileReference; fileEncoding = 4; lastKnownFileType = sourcecode.swift; path = DocumentNode.swift; sourceTree = "<group>"; };
		280D7E5E19AE283B004F95D4 /* DocumentNodeTests.swift */ = {isa = PBXFileReference; fileEncoding = 4; lastKnownFileType = sourcecode.swift; path = DocumentNodeTests.swift; sourceTree = "<group>"; };
		280D7E6019AE4E19004F95D4 /* DocumentParser.swift */ = {isa = PBXFileReference; fileEncoding = 4; lastKnownFileType = sourcecode.swift; path = DocumentParser.swift; sourceTree = "<group>"; };
		282FC3BD19986F8700EB78A1 /* TomeInventory.swift */ = {isa = PBXFileReference; fileEncoding = 4; lastKnownFileType = sourcecode.swift; path = TomeInventory.swift; sourceTree = "<group>"; };
		285A540C199C34BD00932DDE /* OnigRegexp.h */ = {isa = PBXFileReference; fileEncoding = 4; lastKnownFileType = sourcecode.c.h; name = OnigRegexp.h; path = CocoaOniguruma/OnigRegexp.h; sourceTree = "<group>"; };
		285A540D199C34BD00932DDE /* OnigRegexpUtility.h */ = {isa = PBXFileReference; fileEncoding = 4; lastKnownFileType = sourcecode.c.h; name = OnigRegexpUtility.h; path = CocoaOniguruma/OnigRegexpUtility.h; sourceTree = "<group>"; };
		285A540E199C34BD00932DDE /* OnigRegexp.m */ = {isa = PBXFileReference; fileEncoding = 4; lastKnownFileType = sourcecode.c.objc; name = OnigRegexp.m; path = CocoaOniguruma/OnigRegexp.m; sourceTree = "<group>"; };
		285A5410199C34BD00932DDE /* config.h */ = {isa = PBXFileReference; fileEncoding = 4; lastKnownFileType = sourcecode.c.h; path = config.h; sourceTree = "<group>"; };
		285A5411199C34BD00932DDE /* COPYING */ = {isa = PBXFileReference; fileEncoding = 4; lastKnownFileType = text; path = COPYING; sourceTree = "<group>"; };
		285A5413199C34BD00932DDE /* ascii.c */ = {isa = PBXFileReference; fileEncoding = 4; lastKnownFileType = sourcecode.c.c; path = ascii.c; sourceTree = "<group>"; };
		285A5414199C34BD00932DDE /* unicode.c */ = {isa = PBXFileReference; fileEncoding = 4; lastKnownFileType = sourcecode.c.c; path = unicode.c; sourceTree = "<group>"; };
		285A5415199C34BD00932DDE /* utf16_le.c */ = {isa = PBXFileReference; fileEncoding = 4; lastKnownFileType = sourcecode.c.c; path = utf16_le.c; sourceTree = "<group>"; };
		285A5416199C34BD00932DDE /* oniguruma.h */ = {isa = PBXFileReference; fileEncoding = 4; lastKnownFileType = sourcecode.c.h; path = oniguruma.h; sourceTree = "<group>"; };
		285A5417199C34BD00932DDE /* regcomp.c */ = {isa = PBXFileReference; fileEncoding = 4; lastKnownFileType = sourcecode.c.c; path = regcomp.c; sourceTree = "<group>"; };
		285A5418199C34BD00932DDE /* regenc.c */ = {isa = PBXFileReference; fileEncoding = 4; lastKnownFileType = sourcecode.c.c; path = regenc.c; sourceTree = "<group>"; };
		285A5419199C34BD00932DDE /* regenc.h */ = {isa = PBXFileReference; fileEncoding = 4; lastKnownFileType = sourcecode.c.h; path = regenc.h; sourceTree = "<group>"; };
		285A541A199C34BD00932DDE /* regerror.c */ = {isa = PBXFileReference; fileEncoding = 4; lastKnownFileType = sourcecode.c.c; path = regerror.c; sourceTree = "<group>"; };
		285A541B199C34BD00932DDE /* regexec.c */ = {isa = PBXFileReference; fileEncoding = 4; lastKnownFileType = sourcecode.c.c; path = regexec.c; sourceTree = "<group>"; };
		285A541C199C34BD00932DDE /* regext.c */ = {isa = PBXFileReference; fileEncoding = 4; lastKnownFileType = sourcecode.c.c; path = regext.c; sourceTree = "<group>"; };
		285A541D199C34BD00932DDE /* regint.h */ = {isa = PBXFileReference; fileEncoding = 4; lastKnownFileType = sourcecode.c.h; path = regint.h; sourceTree = "<group>"; };
		285A541E199C34BD00932DDE /* regparse.c */ = {isa = PBXFileReference; fileEncoding = 4; lastKnownFileType = sourcecode.c.c; path = regparse.c; sourceTree = "<group>"; };
		285A541F199C34BD00932DDE /* regparse.h */ = {isa = PBXFileReference; fileEncoding = 4; lastKnownFileType = sourcecode.c.h; path = regparse.h; sourceTree = "<group>"; };
		285A5420199C34BD00932DDE /* regsyntax.c */ = {isa = PBXFileReference; fileEncoding = 4; lastKnownFileType = sourcecode.c.c; path = regsyntax.c; sourceTree = "<group>"; };
		285A5421199C34BD00932DDE /* regtrav.c */ = {isa = PBXFileReference; fileEncoding = 4; lastKnownFileType = sourcecode.c.c; path = regtrav.c; sourceTree = "<group>"; };
		285A5422199C34BD00932DDE /* regversion.c */ = {isa = PBXFileReference; fileEncoding = 4; lastKnownFileType = sourcecode.c.c; path = regversion.c; sourceTree = "<group>"; };
		285A5423199C34BD00932DDE /* st.c */ = {isa = PBXFileReference; fileEncoding = 4; lastKnownFileType = sourcecode.c.c; path = st.c; sourceTree = "<group>"; };
		285A5424199C34BD00932DDE /* st.h */ = {isa = PBXFileReference; fileEncoding = 4; lastKnownFileType = sourcecode.c.h; path = st.h; sourceTree = "<group>"; };
		285A5425199C34BD00932DDE /* OnigRegexpUtility.m */ = {isa = PBXFileReference; fileEncoding = 4; lastKnownFileType = sourcecode.c.objc; name = OnigRegexpUtility.m; path = CocoaOniguruma/OnigRegexpUtility.m; sourceTree = "<group>"; };
		286A24E319AE21BF003D2269 /* DocumentHighlighter.swift */ = {isa = PBXFileReference; fileEncoding = 4; lastKnownFileType = sourcecode.swift; path = DocumentHighlighter.swift; sourceTree = "<group>"; };
		287AE08B199290DF00EEE4F0 /* CodeCombat.app */ = {isa = PBXFileReference; explicitFileType = wrapper.application; includeInIndex = 0; path = CodeCombat.app; sourceTree = BUILT_PRODUCTS_DIR; };
		287AE08F199290DF00EEE4F0 /* Info.plist */ = {isa = PBXFileReference; lastKnownFileType = text.plist.xml; path = Info.plist; sourceTree = "<group>"; };
		287AE09D199290DF00EEE4F0 /* CodeCombatTests.xctest */ = {isa = PBXFileReference; explicitFileType = wrapper.cfbundle; includeInIndex = 0; path = CodeCombatTests.xctest; sourceTree = BUILT_PRODUCTS_DIR; };
		287AE0A2199290DF00EEE4F0 /* Info.plist */ = {isa = PBXFileReference; lastKnownFileType = text.plist.xml; path = Info.plist; sourceTree = "<group>"; };
		287AE0A3199290DF00EEE4F0 /* CodeCombatTests.swift */ = {isa = PBXFileReference; lastKnownFileType = sourcecode.swift; path = CodeCombatTests.swift; sourceTree = "<group>"; };
		287AE0AE1992926400EEE4F0 /* LevelLoadingViewController.swift */ = {isa = PBXFileReference; fileEncoding = 4; lastKnownFileType = sourcecode.swift; path = LevelLoadingViewController.swift; sourceTree = "<group>"; };
		287AE0AF1992926400EEE4F0 /* Main.storyboard */ = {isa = PBXFileReference; fileEncoding = 4; lastKnownFileType = file.storyboard; path = Main.storyboard; sourceTree = "<group>"; };
		287AE0B01992926400EEE4F0 /* EditorTextStorage.swift */ = {isa = PBXFileReference; fileEncoding = 4; lastKnownFileType = sourcecode.swift; path = EditorTextStorage.swift; sourceTree = "<group>"; };
		287AE0B11992926400EEE4F0 /* AppDelegate.swift */ = {isa = PBXFileReference; fileEncoding = 4; lastKnownFileType = sourcecode.swift; path = AppDelegate.swift; sourceTree = "<group>"; };
		287AE0B21992926400EEE4F0 /* BackbonePublisher.swift */ = {isa = PBXFileReference; fileEncoding = 4; lastKnownFileType = sourcecode.swift; path = BackbonePublisher.swift; sourceTree = "<group>"; };
		287AE0B31992926400EEE4F0 /* CodeCombatIAPHelper.swift */ = {isa = PBXFileReference; fileEncoding = 4; lastKnownFileType = sourcecode.swift; path = CodeCombatIAPHelper.swift; sourceTree = "<group>"; };
		287AE0B41992926400EEE4F0 /* EditorLayoutManager.swift */ = {isa = PBXFileReference; fileEncoding = 4; lastKnownFileType = sourcecode.swift; path = EditorLayoutManager.swift; sourceTree = "<group>"; };
		287AE0B51992926400EEE4F0 /* EditorTextViewController.swift */ = {isa = PBXFileReference; fileEncoding = 4; lastKnownFileType = sourcecode.swift; path = EditorTextViewController.swift; sourceTree = "<group>"; };
		287AE0BF1992927300EEE4F0 /* LevelPlaybackViewController.swift */ = {isa = PBXFileReference; fileEncoding = 4; lastKnownFileType = sourcecode.swift; path = LevelPlaybackViewController.swift; sourceTree = "<group>"; };
		287AE0C01992927300EEE4F0 /* LoginViewController.swift */ = {isa = PBXFileReference; fileEncoding = 4; lastKnownFileType = sourcecode.swift; path = LoginViewController.swift; sourceTree = "<group>"; };
		287AE0C11992927300EEE4F0 /* MainMenuController.swift */ = {isa = PBXFileReference; fileEncoding = 4; lastKnownFileType = sourcecode.swift; path = MainMenuController.swift; sourceTree = "<group>"; };
		287AE0C21992927300EEE4F0 /* PlayViewChildViewController.swift */ = {isa = PBXFileReference; fileEncoding = 4; lastKnownFileType = sourcecode.swift; path = PlayViewChildViewController.swift; sourceTree = "<group>"; };
		287AE0C31992927300EEE4F0 /* PlayViewController.swift */ = {isa = PBXFileReference; fileEncoding = 4; lastKnownFileType = sourcecode.swift; path = PlayViewController.swift; sourceTree = "<group>"; };
		287AE0C41992927300EEE4F0 /* progressListener.js */ = {isa = PBXFileReference; fileEncoding = 4; lastKnownFileType = sourcecode.javascript; path = progressListener.js; sourceTree = "<group>"; };
		287AE0C51992927300EEE4F0 /* SpellPaletteViewController.swift */ = {isa = PBXFileReference; fileEncoding = 4; lastKnownFileType = sourcecode.swift; path = SpellPaletteViewController.swift; sourceTree = "<group>"; };
		287AE0C61992927300EEE4F0 /* SpriteDialogue.swift */ = {isa = PBXFileReference; fileEncoding = 4; lastKnownFileType = sourcecode.swift; path = SpriteDialogue.swift; sourceTree = "<group>"; };
		287AE0C71992927300EEE4F0 /* SpriteDialogueViewController.swift */ = {isa = PBXFileReference; fileEncoding = 4; lastKnownFileType = sourcecode.swift; path = SpriteDialogueViewController.swift; sourceTree = "<group>"; };
		287AE0C81992927300EEE4F0 /* StoreItemDetailViewController.swift */ = {isa = PBXFileReference; fileEncoding = 4; lastKnownFileType = sourcecode.swift; path = StoreItemDetailViewController.swift; sourceTree = "<group>"; };
		287AE0C91992927300EEE4F0 /* StoreViewController.swift */ = {isa = PBXFileReference; fileEncoding = 4; lastKnownFileType = sourcecode.swift; path = StoreViewController.swift; sourceTree = "<group>"; };
		287AE0CA1992927300EEE4F0 /* User.swift */ = {isa = PBXFileReference; fileEncoding = 4; lastKnownFileType = sourcecode.swift; path = User.swift; sourceTree = "<group>"; };
		287AE0CB1992927300EEE4F0 /* wasted_work.swift */ = {isa = PBXFileReference; fileEncoding = 4; lastKnownFileType = sourcecode.swift; path = wasted_work.swift; sourceTree = "<group>"; };
		287AE0CC1992927300EEE4F0 /* WebManager.swift */ = {isa = PBXFileReference; fileEncoding = 4; lastKnownFileType = sourcecode.swift; path = WebManager.swift; sourceTree = "<group>"; };
		287AE0CD1992927300EEE4F0 /* ColorManager.swift */ = {isa = PBXFileReference; fileEncoding = 4; lastKnownFileType = sourcecode.swift; path = ColorManager.swift; sourceTree = "<group>"; };
		287AE0DD199292CE00EEE4F0 /* IAPHelper.swift */ = {isa = PBXFileReference; fileEncoding = 4; lastKnownFileType = sourcecode.swift; path = IAPHelper.swift; sourceTree = "<group>"; };
		287AE0DF199292E400EEE4F0 /* InventoryCell.swift */ = {isa = PBXFileReference; fileEncoding = 4; lastKnownFileType = sourcecode.swift; path = InventoryCell.swift; sourceTree = "<group>"; };
		287AE0E1199292F900EEE4F0 /* EquippedItemsViewController.swift */ = {isa = PBXFileReference; fileEncoding = 4; lastKnownFileType = sourcecode.swift; path = EquippedItemsViewController.swift; sourceTree = "<group>"; };
		287AE0F0199293B600EEE4F0 /* CodeCombat-Bridging-Header.h */ = {isa = PBXFileReference; lastKnownFileType = sourcecode.c.h; path = "CodeCombat-Bridging-Header.h"; sourceTree = "<group>"; };
		287AE0F1199293B600EEE4F0 /* fmemopen.c */ = {isa = PBXFileReference; fileEncoding = 4; lastKnownFileType = sourcecode.c.c; path = fmemopen.c; sourceTree = "<group>"; };
		287AE0F2199293B600EEE4F0 /* fmemopen.h */ = {isa = PBXFileReference; fileEncoding = 4; lastKnownFileType = sourcecode.c.h; path = fmemopen.h; sourceTree = "<group>"; };
		287AE0F3199293B600EEE4F0 /* MarkdownTokenizer.m */ = {isa = PBXFileReference; fileEncoding = 4; lastKnownFileType = sourcecode.c.objc; path = MarkdownTokenizer.m; sourceTree = "<group>"; };
		287AE0F4199293B600EEE4F0 /* MarkdownTokens.h */ = {isa = PBXFileReference; fileEncoding = 4; lastKnownFileType = sourcecode.c.h; path = MarkdownTokens.h; sourceTree = "<group>"; };
		287AE0F5199293B600EEE4F0 /* MarkdownTokens.m */ = {isa = PBXFileReference; fileEncoding = 4; lastKnownFileType = sourcecode.c.objc; path = MarkdownTokens.m; sourceTree = "<group>"; };
		287AE0F6199293B600EEE4F0 /* NimbusMarkdown.h */ = {isa = PBXFileReference; fileEncoding = 4; lastKnownFileType = sourcecode.c.h; path = NimbusMarkdown.h; sourceTree = "<group>"; };
		287AE0F7199293B600EEE4F0 /* NimbusMemoryMapping.h */ = {isa = PBXFileReference; fileEncoding = 4; lastKnownFileType = sourcecode.c.h; path = NimbusMemoryMapping.h; sourceTree = "<group>"; };
		287AE0F8199293B600EEE4F0 /* NSAttributedStringMarkdownParser.h */ = {isa = PBXFileReference; fileEncoding = 4; lastKnownFileType = sourcecode.c.h; path = NSAttributedStringMarkdownParser.h; sourceTree = "<group>"; };
		287AE0F9199293B600EEE4F0 /* NSAttributedStringMarkdownParser.m */ = {isa = PBXFileReference; fileEncoding = 4; lastKnownFileType = sourcecode.c.objc; path = NSAttributedStringMarkdownParser.m; sourceTree = "<group>"; };
		287AE0FE199293FA00EEE4F0 /* Images.xcassets */ = {isa = PBXFileReference; lastKnownFileType = folder.assetcatalog; path = Images.xcassets; sourceTree = "<group>"; };
		287AE104199294CC00EEE4F0 /* ParticleScene.swift */ = {isa = PBXFileReference; fileEncoding = 4; lastKnownFileType = sourcecode.swift; path = ParticleScene.swift; sourceTree = "<group>"; };
		287AE105199294CC00EEE4F0 /* ParticleView.swift */ = {isa = PBXFileReference; fileEncoding = 4; lastKnownFileType = sourcecode.swift; path = ParticleView.swift; sourceTree = "<group>"; };
		287AE106199294CC00EEE4F0 /* spark.png */ = {isa = PBXFileReference; lastKnownFileType = image.png; path = spark.png; sourceTree = "<group>"; };
		287AE107199294CC00EEE4F0 /* TestParticle.sks */ = {isa = PBXFileReference; lastKnownFileType = file.sks; path = TestParticle.sks; sourceTree = "<group>"; };
		28B3E3B519AE750800C6B12A /* LanguageProviderTests.swift */ = {isa = PBXFileReference; fileEncoding = 4; lastKnownFileType = sourcecode.swift; path = LanguageProviderTests.swift; sourceTree = "<group>"; };
		28B3E3B719AE791100C6B12A /* javascript.tmLanguageJSON */ = {isa = PBXFileReference; fileEncoding = 4; lastKnownFileType = text; path = javascript.tmLanguageJSON; sourceTree = "<group>"; };
		28B3E3B919B0D7B000C6B12A /* RegexTests.swift */ = {isa = PBXFileReference; fileEncoding = 4; lastKnownFileType = sourcecode.swift; path = RegexTests.swift; sourceTree = "<group>"; };
		28B3E3BB19B4F6DD00C6B12A /* example.tmLanguageJSON */ = {isa = PBXFileReference; fileEncoding = 4; lastKnownFileType = text; path = example.tmLanguageJSON; sourceTree = "<group>"; };
		28BA9B551992D5DA006ACB3A /* NewPlayViewController.swift */ = {isa = PBXFileReference; fileEncoding = 4; lastKnownFileType = sourcecode.swift; path = NewPlayViewController.swift; sourceTree = "<group>"; };
		28C96DF61993D09C009FCD9E /* EditorTextView.swift */ = {isa = PBXFileReference; fileEncoding = 4; lastKnownFileType = sourcecode.swift; path = EditorTextView.swift; sourceTree = "<group>"; };
		28C96DFD1993FF3B009FCD9E /* Editor.swift */ = {isa = PBXFileReference; fileEncoding = 4; lastKnownFileType = sourcecode.swift; path = Editor.swift; sourceTree = "<group>"; };
		28DE0CDC1999305700C6699D /* TomeInventoryViewController.swift */ = {isa = PBXFileReference; fileEncoding = 4; lastKnownFileType = sourcecode.swift; path = TomeInventoryViewController.swift; sourceTree = "<group>"; };
		28DE0CDF199959DB00C6699D /* TomeEditorViewController.swift */ = {isa = PBXFileReference; fileEncoding = 4; lastKnownFileType = sourcecode.swift; path = TomeEditorViewController.swift; sourceTree = "<group>"; };
		28DE0CE3199AA84300C6699D /* Syntax.swift */ = {isa = PBXFileReference; fileEncoding = 4; lastKnownFileType = sourcecode.swift; path = Syntax.swift; sourceTree = "<group>"; };
		28DE0CFE199AE1D600C6699D /* javascriptSyntax.json */ = {isa = PBXFileReference; fileEncoding = 4; lastKnownFileType = text.json; path = javascriptSyntax.json; sourceTree = "<group>"; };
		C827D1C819943EA500B5724C /* Utilities.swift */ = {isa = PBXFileReference; fileEncoding = 4; lastKnownFileType = sourcecode.swift; path = Utilities.swift; sourceTree = "<group>"; };
		C827D1CA19943FF700B5724C /* items_tharin.json */ = {isa = PBXFileReference; fileEncoding = 4; lastKnownFileType = text.json; path = items_tharin.json; sourceTree = "<group>"; };
		C827D1CC199443AE00B5724C /* properties.json */ = {isa = PBXFileReference; fileEncoding = 4; lastKnownFileType = text.json; path = properties.json; sourceTree = "<group>"; };
		C827D1CE1994457700B5724C /* items_all.json */ = {isa = PBXFileReference; fileEncoding = 4; lastKnownFileType = text.json; path = items_all.json; sourceTree = "<group>"; };
		C827D1D01994726600B5724C /* json.swift */ = {isa = PBXFileReference; fileEncoding = 4; lastKnownFileType = sourcecode.swift; path = json.swift; sourceTree = "<group>"; };
		C827D1D31994784E00B5724C /* TomeInventoryItem.swift */ = {isa = PBXFileReference; fileEncoding = 4; lastKnownFileType = sourcecode.swift; path = TomeInventoryItem.swift; sourceTree = "<group>"; };
		C827D1D41994784E00B5724C /* TomeInventoryItemProperty.swift */ = {isa = PBXFileReference; fileEncoding = 4; lastKnownFileType = sourcecode.swift; path = TomeInventoryItemProperty.swift; sourceTree = "<group>"; };
		C827D1D81994937C00B5724C /* TomeInventoryItemView.swift */ = {isa = PBXFileReference; fileEncoding = 4; lastKnownFileType = sourcecode.swift; path = TomeInventoryItemView.swift; sourceTree = "<group>"; };
		C827D1DA19949E0200B5724C /* TomeInventoryItemPropertyView.swift */ = {isa = PBXFileReference; fileEncoding = 4; lastKnownFileType = sourcecode.swift; path = TomeInventoryItemPropertyView.swift; sourceTree = "<group>"; };
/* End PBXFileReference section */

/* Begin PBXFrameworksBuildPhase section */
		287AE088199290DF00EEE4F0 /* Frameworks */ = {
			isa = PBXFrameworksBuildPhase;
			buildActionMask = 2147483647;
			files = (
			);
			runOnlyForDeploymentPostprocessing = 0;
		};
		287AE09A199290DF00EEE4F0 /* Frameworks */ = {
			isa = PBXFrameworksBuildPhase;
			buildActionMask = 2147483647;
			files = (
			);
			runOnlyForDeploymentPostprocessing = 0;
		};
/* End PBXFrameworksBuildPhase section */

/* Begin PBXGroup section */
		285A540B199C34AF00932DDE /* CocoaOniguruma */ = {
			isa = PBXGroup;
			children = (
				285A540C199C34BD00932DDE /* OnigRegexp.h */,
				285A540D199C34BD00932DDE /* OnigRegexpUtility.h */,
				285A540E199C34BD00932DDE /* OnigRegexp.m */,
				285A540F199C34BD00932DDE /* oniguruma */,
				285A5425199C34BD00932DDE /* OnigRegexpUtility.m */,
			);
			name = CocoaOniguruma;
			sourceTree = "<group>";
		};
		285A540F199C34BD00932DDE /* oniguruma */ = {
			isa = PBXGroup;
			children = (
				285A5410199C34BD00932DDE /* config.h */,
				285A5411199C34BD00932DDE /* COPYING */,
				285A5412199C34BD00932DDE /* enc */,
				285A5416199C34BD00932DDE /* oniguruma.h */,
				285A5417199C34BD00932DDE /* regcomp.c */,
				285A5418199C34BD00932DDE /* regenc.c */,
				285A5419199C34BD00932DDE /* regenc.h */,
				285A541A199C34BD00932DDE /* regerror.c */,
				285A541B199C34BD00932DDE /* regexec.c */,
				285A541C199C34BD00932DDE /* regext.c */,
				285A541D199C34BD00932DDE /* regint.h */,
				285A541E199C34BD00932DDE /* regparse.c */,
				285A541F199C34BD00932DDE /* regparse.h */,
				285A5420199C34BD00932DDE /* regsyntax.c */,
				285A5421199C34BD00932DDE /* regtrav.c */,
				285A5422199C34BD00932DDE /* regversion.c */,
				285A5423199C34BD00932DDE /* st.c */,
				285A5424199C34BD00932DDE /* st.h */,
			);
			name = oniguruma;
			path = CocoaOniguruma/oniguruma;
			sourceTree = "<group>";
		};
		285A5412199C34BD00932DDE /* enc */ = {
			isa = PBXGroup;
			children = (
				285A5413199C34BD00932DDE /* ascii.c */,
				285A5414199C34BD00932DDE /* unicode.c */,
				285A5415199C34BD00932DDE /* utf16_le.c */,
			);
			path = enc;
			sourceTree = "<group>";
		};
		287AE082199290DF00EEE4F0 = {
			isa = PBXGroup;
			children = (
				287AE08D199290DF00EEE4F0 /* CodeCombat */,
				287AE0A0199290DF00EEE4F0 /* CodeCombatTests */,
				287AE08C199290DF00EEE4F0 /* Products */,
			);
			sourceTree = "<group>";
		};
		287AE08C199290DF00EEE4F0 /* Products */ = {
			isa = PBXGroup;
			children = (
				287AE08B199290DF00EEE4F0 /* CodeCombat.app */,
				287AE09D199290DF00EEE4F0 /* CodeCombatTests.xctest */,
			);
			name = Products;
			sourceTree = "<group>";
		};
		287AE08D199290DF00EEE4F0 /* CodeCombat */ = {
			isa = PBXGroup;
			children = (
				28DE0CDE19994E6500C6699D /* Protocols */,
				C827D1C719943E8B00B5724C /* Utilities */,
				287AE1001992942C00EEE4F0 /* Application */,
				287AE1011992945F00EEE4F0 /* Models */,
				287AE1021992946C00EEE4F0 /* Views */,
				287AE10C1992950E00EEE4F0 /* Controllers */,
				287AE10D1992951800EEE4F0 /* Library */,
				287AE10F1992954F00EEE4F0 /* Resources */,
				287AE08E199290DF00EEE4F0 /* Supporting Files */,
			);
			path = CodeCombat;
			sourceTree = "<group>";
		};
		287AE08E199290DF00EEE4F0 /* Supporting Files */ = {
			isa = PBXGroup;
			children = (
				287AE08F199290DF00EEE4F0 /* Info.plist */,
			);
			name = "Supporting Files";
			sourceTree = "<group>";
		};
		287AE0A0199290DF00EEE4F0 /* CodeCombatTests */ = {
			isa = PBXGroup;
			children = (
				287AE0A3199290DF00EEE4F0 /* CodeCombatTests.swift */,
				287AE0A1199290DF00EEE4F0 /* Supporting Files */,
				280D7E5919AE27A8004F95D4 /* DocumentHighlighterTests.swift */,
				280D7E5E19AE283B004F95D4 /* DocumentNodeTests.swift */,
				28B3E3B519AE750800C6B12A /* LanguageProviderTests.swift */,
				28B3E3B719AE791100C6B12A /* javascript.tmLanguageJSON */,
				28B3E3B919B0D7B000C6B12A /* RegexTests.swift */,
				28B3E3BB19B4F6DD00C6B12A /* example.tmLanguageJSON */,
			);
			path = CodeCombatTests;
			sourceTree = "<group>";
		};
		287AE0A1199290DF00EEE4F0 /* Supporting Files */ = {
			isa = PBXGroup;
			children = (
				287AE0A2199290DF00EEE4F0 /* Info.plist */,
			);
			name = "Supporting Files";
			sourceTree = "<group>";
		};
		287AE1001992942C00EEE4F0 /* Application */ = {
			isa = PBXGroup;
			children = (
				287AE0B11992926400EEE4F0 /* AppDelegate.swift */,
			);
			name = Application;
			sourceTree = "<group>";
		};
		287AE1011992945F00EEE4F0 /* Models */ = {
			isa = PBXGroup;
			children = (
				28C96DFC1993F0ED009FCD9E /* IAP */,
				28C96DF91993F0BF009FCD9E /* Editor */,
				287AE0C61992927300EEE4F0 /* SpriteDialogue.swift */,
				287AE0CA1992927300EEE4F0 /* User.swift */,
				287AE0CC1992927300EEE4F0 /* WebManager.swift */,
				287AE0CD1992927300EEE4F0 /* ColorManager.swift */,
			);
			name = Models;
			sourceTree = "<group>";
		};
		287AE1021992946C00EEE4F0 /* Views */ = {
			isa = PBXGroup;
			children = (
				C827D1D71994934D00B5724C /* NewPlayView */,
				287AE0AF1992926400EEE4F0 /* Main.storyboard */,
				28C96DF61993D09C009FCD9E /* EditorTextView.swift */,
				287AE0DF199292E400EEE4F0 /* InventoryCell.swift */,
				287AE1031992948500EEE4F0 /* Effects */,
			);
			name = Views;
			sourceTree = "<group>";
		};
		287AE1031992948500EEE4F0 /* Effects */ = {
			isa = PBXGroup;
			children = (
				287AE104199294CC00EEE4F0 /* ParticleScene.swift */,
				287AE105199294CC00EEE4F0 /* ParticleView.swift */,
				287AE106199294CC00EEE4F0 /* spark.png */,
				287AE107199294CC00EEE4F0 /* TestParticle.sks */,
			);
			name = Effects;
			sourceTree = "<group>";
		};
		287AE10C1992950E00EEE4F0 /* Controllers */ = {
			isa = PBXGroup;
			children = (
				28BA9B541992D580006ACB3A /* NewPlayView */,
				287AE1141992957100EEE4F0 /* Play */,
				287AE1131992956D00EEE4F0 /* Login */,
				287AE1121992956800EEE4F0 /* Loading */,
				287AE1111992956300EEE4F0 /* Main Menu */,
				287AE1101992956000EEE4F0 /* Store */,
			);
			name = Controllers;
			sourceTree = "<group>";
		};
		287AE10D1992951800EEE4F0 /* Library */ = {
			isa = PBXGroup;
			children = (
				285A540B199C34AF00932DDE /* CocoaOniguruma */,
				287AE0F0199293B600EEE4F0 /* CodeCombat-Bridging-Header.h */,
				287AE10E1992952500EEE4F0 /* NimbusKitMarkdown */,
				C827D1D01994726600B5724C /* json.swift */,
			);
			name = Library;
			sourceTree = "<group>";
		};
		287AE10E1992952500EEE4F0 /* NimbusKitMarkdown */ = {
			isa = PBXGroup;
			children = (
				287AE0F1199293B600EEE4F0 /* fmemopen.c */,
				287AE0F2199293B600EEE4F0 /* fmemopen.h */,
				287AE0F3199293B600EEE4F0 /* MarkdownTokenizer.m */,
				287AE0F4199293B600EEE4F0 /* MarkdownTokens.h */,
				287AE0F5199293B600EEE4F0 /* MarkdownTokens.m */,
				287AE0F6199293B600EEE4F0 /* NimbusMarkdown.h */,
				287AE0F7199293B600EEE4F0 /* NimbusMemoryMapping.h */,
				287AE0F8199293B600EEE4F0 /* NSAttributedStringMarkdownParser.h */,
				287AE0F9199293B600EEE4F0 /* NSAttributedStringMarkdownParser.m */,
			);
			name = NimbusKitMarkdown;
			sourceTree = "<group>";
		};
		287AE10F1992954F00EEE4F0 /* Resources */ = {
			isa = PBXGroup;
			children = (
				287AE0FE199293FA00EEE4F0 /* Images.xcassets */,
				287AE0C41992927300EEE4F0 /* progressListener.js */,
				C827D1CA19943FF700B5724C /* items_tharin.json */,
				C827D1CE1994457700B5724C /* items_all.json */,
				C827D1CC199443AE00B5724C /* properties.json */,
				28DE0CFE199AE1D600C6699D /* javascriptSyntax.json */,
				2809AF5A19C4800B0054477B /* python.tmLanguageJSON */,
			);
			name = Resources;
			sourceTree = "<group>";
		};
		287AE1101992956000EEE4F0 /* Store */ = {
			isa = PBXGroup;
			children = (
				287AE0C81992927300EEE4F0 /* StoreItemDetailViewController.swift */,
				287AE0C91992927300EEE4F0 /* StoreViewController.swift */,
			);
			name = Store;
			sourceTree = "<group>";
		};
		287AE1111992956300EEE4F0 /* Main Menu */ = {
			isa = PBXGroup;
			children = (
				287AE0C11992927300EEE4F0 /* MainMenuController.swift */,
			);
			name = "Main Menu";
			sourceTree = "<group>";
		};
		287AE1121992956800EEE4F0 /* Loading */ = {
			isa = PBXGroup;
			children = (
				287AE0CB1992927300EEE4F0 /* wasted_work.swift */,
				287AE0AE1992926400EEE4F0 /* LevelLoadingViewController.swift */,
			);
			name = Loading;
			sourceTree = "<group>";
		};
		287AE1131992956D00EEE4F0 /* Login */ = {
			isa = PBXGroup;
			children = (
				287AE0C01992927300EEE4F0 /* LoginViewController.swift */,
			);
			name = Login;
			sourceTree = "<group>";
		};
		287AE1141992957100EEE4F0 /* Play */ = {
			isa = PBXGroup;
			children = (
				287AE0E1199292F900EEE4F0 /* EquippedItemsViewController.swift */,
				287AE0BF1992927300EEE4F0 /* LevelPlaybackViewController.swift */,
				287AE0C21992927300EEE4F0 /* PlayViewChildViewController.swift */,
				287AE0C31992927300EEE4F0 /* PlayViewController.swift */,
				287AE0C51992927300EEE4F0 /* SpellPaletteViewController.swift */,
				287AE0C71992927300EEE4F0 /* SpriteDialogueViewController.swift */,
				287AE0B51992926400EEE4F0 /* EditorTextViewController.swift */,
			);
			name = Play;
			sourceTree = "<group>";
		};
		28B3E3B419AE74BE00C6B12A /* Parser */ = {
			isa = PBXGroup;
			children = (
				280D7E5B19AE2807004F95D4 /* DocumentNode.swift */,
				280D7E6019AE4E19004F95D4 /* DocumentParser.swift */,
			);
			name = Parser;
			sourceTree = "<group>";
		};
		28BA9B541992D580006ACB3A /* NewPlayView */ = {
			isa = PBXGroup;
			children = (
				28BA9B551992D5DA006ACB3A /* NewPlayViewController.swift */,
				28DE0CDC1999305700C6699D /* TomeInventoryViewController.swift */,
				28DE0CDF199959DB00C6699D /* TomeEditorViewController.swift */,
			);
			name = NewPlayView;
			sourceTree = "<group>";
		};
		28C96DF91993F0BF009FCD9E /* Editor */ = {
			isa = PBXGroup;
			children = (
				C827D1D21994784300B5724C /* Inventory */,
				28C96DFA1993F0CE009FCD9E /* Text */,
			);
			name = Editor;
			sourceTree = "<group>";
		};
		28C96DFA1993F0CE009FCD9E /* Text */ = {
			isa = PBXGroup;
			children = (
				28B3E3B419AE74BE00C6B12A /* Parser */,
				28C96DFD1993FF3B009FCD9E /* Editor.swift */,
				287AE0B01992926400EEE4F0 /* EditorTextStorage.swift */,
				287AE0B41992926400EEE4F0 /* EditorLayoutManager.swift */,
				28DE0CE3199AA84300C6699D /* Syntax.swift */,
				286A24E319AE21BF003D2269 /* DocumentHighlighter.swift */,
			);
			name = Text;
			sourceTree = "<group>";
		};
		28C96DFC1993F0ED009FCD9E /* IAP */ = {
			isa = PBXGroup;
			children = (
				287AE0DD199292CE00EEE4F0 /* IAPHelper.swift */,
				287AE0B31992926400EEE4F0 /* CodeCombatIAPHelper.swift */,
			);
			name = IAP;
			sourceTree = "<group>";
		};
		28DE0CDE19994E6500C6699D /* Protocols */ = {
			isa = PBXGroup;
			children = (
				287AE0B21992926400EEE4F0 /* BackbonePublisher.swift */,
			);
			name = Protocols;
			sourceTree = "<group>";
		};
		C827D1C719943E8B00B5724C /* Utilities */ = {
			isa = PBXGroup;
			children = (
				C827D1C819943EA500B5724C /* Utilities.swift */,
			);
			name = Utilities;
			sourceTree = "<group>";
		};
		C827D1D21994784300B5724C /* Inventory */ = {
			isa = PBXGroup;
			children = (
				282FC3BD19986F8700EB78A1 /* TomeInventory.swift */,
				C827D1D31994784E00B5724C /* TomeInventoryItem.swift */,
				C827D1D41994784E00B5724C /* TomeInventoryItemProperty.swift */,
			);
			name = Inventory;
			sourceTree = "<group>";
		};
		C827D1D71994934D00B5724C /* NewPlayView */ = {
			isa = PBXGroup;
			children = (
				C827D1D81994937C00B5724C /* TomeInventoryItemView.swift */,
				C827D1DA19949E0200B5724C /* TomeInventoryItemPropertyView.swift */,
			);
			name = NewPlayView;
			sourceTree = "<group>";
		};
/* End PBXGroup section */

/* Begin PBXNativeTarget section */
		287AE08A199290DF00EEE4F0 /* CodeCombat */ = {
			isa = PBXNativeTarget;
			buildConfigurationList = 287AE0A7199290DF00EEE4F0 /* Build configuration list for PBXNativeTarget "CodeCombat" */;
			buildPhases = (
				287AE087199290DF00EEE4F0 /* Sources */,
				287AE088199290DF00EEE4F0 /* Frameworks */,
				287AE089199290DF00EEE4F0 /* Resources */,
			);
			buildRules = (
			);
			dependencies = (
			);
			name = CodeCombat;
			productName = CodeCombat;
			productReference = 287AE08B199290DF00EEE4F0 /* CodeCombat.app */;
			productType = "com.apple.product-type.application";
		};
		287AE09C199290DF00EEE4F0 /* CodeCombatTests */ = {
			isa = PBXNativeTarget;
			buildConfigurationList = 287AE0AA199290DF00EEE4F0 /* Build configuration list for PBXNativeTarget "CodeCombatTests" */;
			buildPhases = (
				287AE099199290DF00EEE4F0 /* Sources */,
				287AE09A199290DF00EEE4F0 /* Frameworks */,
				287AE09B199290DF00EEE4F0 /* Resources */,
			);
			buildRules = (
			);
			dependencies = (
				287AE09F199290DF00EEE4F0 /* PBXTargetDependency */,
				288F11D3199C6B8800CA8A71 /* PBXTargetDependency */,
				288F11D5199C6B8900CA8A71 /* PBXTargetDependency */,
				288F11D7199C6BD100CA8A71 /* PBXTargetDependency */,
				288F11D9199C6BD100CA8A71 /* PBXTargetDependency */,
				280D7E5819AE268D004F95D4 /* PBXTargetDependency */,
			);
			name = CodeCombatTests;
			productName = CodeCombatTests;
			productReference = 287AE09D199290DF00EEE4F0 /* CodeCombatTests.xctest */;
			productType = "com.apple.product-type.bundle.unit-test";
		};
/* End PBXNativeTarget section */

/* Begin PBXProject section */
		287AE083199290DF00EEE4F0 /* Project object */ = {
			isa = PBXProject;
			attributes = {
				LastUpgradeCheck = 0600;
				ORGANIZATIONNAME = CodeCombat;
				TargetAttributes = {
					287AE08A199290DF00EEE4F0 = {
						CreatedOnToolsVersion = 6.0;
						DevelopmentTeam = XLZVNEVFFF;
					};
					287AE09C199290DF00EEE4F0 = {
						CreatedOnToolsVersion = 6.0;
						TestTargetID = 287AE08A199290DF00EEE4F0;
					};
				};
			};
			buildConfigurationList = 287AE086199290DF00EEE4F0 /* Build configuration list for PBXProject "CodeCombat" */;
			compatibilityVersion = "Xcode 3.2";
			developmentRegion = English;
			hasScannedForEncodings = 0;
			knownRegions = (
				en,
				Base,
			);
			mainGroup = 287AE082199290DF00EEE4F0;
			productRefGroup = 287AE08C199290DF00EEE4F0 /* Products */;
			projectDirPath = "";
			projectRoot = "";
			targets = (
				287AE08A199290DF00EEE4F0 /* CodeCombat */,
				287AE09C199290DF00EEE4F0 /* CodeCombatTests */,
			);
		};
/* End PBXProject section */

/* Begin PBXResourcesBuildPhase section */
		287AE089199290DF00EEE4F0 /* Resources */ = {
			isa = PBXResourcesBuildPhase;
			buildActionMask = 2147483647;
			files = (
				2809AF5B19C4800B0054477B /* python.tmLanguageJSON in Resources */,
				C827D1CF1994457700B5724C /* items_all.json in Resources */,
				287AE0FF199293FA00EEE4F0 /* Images.xcassets in Resources */,
				C827D1CD199443AE00B5724C /* properties.json in Resources */,
				287AE10B199294CC00EEE4F0 /* TestParticle.sks in Resources */,
				C827D1CB19943FF700B5724C /* items_tharin.json in Resources */,
				287AE10A199294CC00EEE4F0 /* spark.png in Resources */,
				28DE0CFF199AE1D600C6699D /* javascriptSyntax.json in Resources */,
				287AE0B71992926400EEE4F0 /* Main.storyboard in Resources */,
				285A5427199C34BD00932DDE /* COPYING in Resources */,
				287AE0D31992927300EEE4F0 /* progressListener.js in Resources */,
			);
			runOnlyForDeploymentPostprocessing = 0;
		};
		287AE09B199290DF00EEE4F0 /* Resources */ = {
			isa = PBXResourcesBuildPhase;
			buildActionMask = 2147483647;
			files = (
				28B3E3B819AE791100C6B12A /* javascript.tmLanguageJSON in Resources */,
				2809AF5C19C4800B0054477B /* python.tmLanguageJSON in Resources */,
				28B3E3BC19B4F6DD00C6B12A /* example.tmLanguageJSON in Resources */,
			);
			runOnlyForDeploymentPostprocessing = 0;
		};
/* End PBXResourcesBuildPhase section */

/* Begin PBXSourcesBuildPhase section */
		287AE087199290DF00EEE4F0 /* Sources */ = {
			isa = PBXSourcesBuildPhase;
			buildActionMask = 2147483647;
			files = (
				28DE0CDD1999305700C6699D /* TomeInventoryViewController.swift in Sources */,
				287AE0DE199292CE00EEE4F0 /* IAPHelper.swift in Sources */,
				285A5433199C34BD00932DDE /* regversion.c in Sources */,
				287AE0DC1992927300EEE4F0 /* ColorManager.swift in Sources */,
				287AE0D51992927300EEE4F0 /* SpriteDialogue.swift in Sources */,
				287AE0CF1992927300EEE4F0 /* LoginViewController.swift in Sources */,
				287AE0BC1992926400EEE4F0 /* EditorLayoutManager.swift in Sources */,
				28DE0CE4199AA84300C6699D /* Syntax.swift in Sources */,
				287AE0DA1992927300EEE4F0 /* wasted_work.swift in Sources */,
				287AE0FB199293B600EEE4F0 /* MarkdownTokenizer.m in Sources */,
				C827D1DB19949E0200B5724C /* TomeInventoryItemPropertyView.swift in Sources */,
				287AE0DB1992927300EEE4F0 /* WebManager.swift in Sources */,
				287AE0B91992926400EEE4F0 /* AppDelegate.swift in Sources */,
				287AE0D11992927300EEE4F0 /* PlayViewChildViewController.swift in Sources */,
				285A542F199C34BD00932DDE /* regext.c in Sources */,
				C827D1D11994726600B5724C /* json.swift in Sources */,
				28BA9B561992D5DA006ACB3A /* NewPlayViewController.swift in Sources */,
				287AE0D81992927300EEE4F0 /* StoreViewController.swift in Sources */,
				287AE0D21992927300EEE4F0 /* PlayViewController.swift in Sources */,
				C827D1D91994937C00B5724C /* TomeInventoryItemView.swift in Sources */,
				287AE0BA1992926400EEE4F0 /* BackbonePublisher.swift in Sources */,
				C827D1C919943EA500B5724C /* Utilities.swift in Sources */,
				287AE0E0199292E400EEE4F0 /* InventoryCell.swift in Sources */,
				285A5428199C34BD00932DDE /* ascii.c in Sources */,
				282FC3BE19986F8700EB78A1 /* TomeInventory.swift in Sources */,
				285A5429199C34BD00932DDE /* unicode.c in Sources */,
				287AE0FC199293B600EEE4F0 /* MarkdownTokens.m in Sources */,
				C827D1D61994784E00B5724C /* TomeInventoryItemProperty.swift in Sources */,
				285A542B199C34BD00932DDE /* regcomp.c in Sources */,
				285A5430199C34BD00932DDE /* regparse.c in Sources */,
				285A5432199C34BD00932DDE /* regtrav.c in Sources */,
				287AE0B61992926400EEE4F0 /* LevelLoadingViewController.swift in Sources */,
				285A5431199C34BD00932DDE /* regsyntax.c in Sources */,
				287AE0D41992927300EEE4F0 /* SpellPaletteViewController.swift in Sources */,
				287AE0BD1992926400EEE4F0 /* EditorTextViewController.swift in Sources */,
				287AE0B81992926400EEE4F0 /* EditorTextStorage.swift in Sources */,
				28C96DFE1993FF3B009FCD9E /* Editor.swift in Sources */,
				28DE0CE0199959DB00C6699D /* TomeEditorViewController.swift in Sources */,
				C827D1D51994784E00B5724C /* TomeInventoryItem.swift in Sources */,
				285A542A199C34BD00932DDE /* utf16_le.c in Sources */,
				287AE0CE1992927300EEE4F0 /* LevelPlaybackViewController.swift in Sources */,
				280D7E6119AE4E19004F95D4 /* DocumentParser.swift in Sources */,
				287AE0D71992927300EEE4F0 /* StoreItemDetailViewController.swift in Sources */,
				285A5434199C34BD00932DDE /* st.c in Sources */,
				285A542C199C34BD00932DDE /* regenc.c in Sources */,
				286A24E419AE21BF003D2269 /* DocumentHighlighter.swift in Sources */,
				285A5426199C34BD00932DDE /* OnigRegexp.m in Sources */,
				287AE108199294CC00EEE4F0 /* ParticleScene.swift in Sources */,
				285A542D199C34BD00932DDE /* regerror.c in Sources */,
				285A5435199C34BD00932DDE /* OnigRegexpUtility.m in Sources */,
				285A542E199C34BD00932DDE /* regexec.c in Sources */,
				287AE0D91992927300EEE4F0 /* User.swift in Sources */,
				28C96DF71993D09C009FCD9E /* EditorTextView.swift in Sources */,
				287AE0BB1992926400EEE4F0 /* CodeCombatIAPHelper.swift in Sources */,
				287AE0D61992927300EEE4F0 /* SpriteDialogueViewController.swift in Sources */,
				287AE0FA199293B600EEE4F0 /* fmemopen.c in Sources */,
				287AE0FD199293B600EEE4F0 /* NSAttributedStringMarkdownParser.m in Sources */,
				287AE0E2199292F900EEE4F0 /* EquippedItemsViewController.swift in Sources */,
				287AE109199294CC00EEE4F0 /* ParticleView.swift in Sources */,
				280D7E5C19AE2807004F95D4 /* DocumentNode.swift in Sources */,
				287AE0D01992927300EEE4F0 /* MainMenuController.swift in Sources */,
			);
			runOnlyForDeploymentPostprocessing = 0;
		};
		287AE099199290DF00EEE4F0 /* Sources */ = {
			isa = PBXSourcesBuildPhase;
			buildActionMask = 2147483647;
			files = (
				28B3E3A619AE68A200C6B12A /* st.c in Sources */,
				28B3E3BA19B0D7B000C6B12A /* RegexTests.swift in Sources */,
				28B3E3AF19AE68C000C6B12A /* regenc.c in Sources */,
				28B3E3AC19AE68BC00C6B12A /* regexec.c in Sources */,
				28B3E3B219AE68C800C6B12A /* utf16_le.c in Sources */,
				280D7E5619AE2655004F95D4 /* DocumentHighlighter.swift in Sources */,
				28B3E3B019AE68C800C6B12A /* ascii.c in Sources */,
				280D7E5A19AE27A8004F95D4 /* DocumentHighlighterTests.swift in Sources */,
				28B3E3AE19AE68C000C6B12A /* regcomp.c in Sources */,
				28B3E3AB19AE68BC00C6B12A /* regerror.c in Sources */,
				28B3E3B619AE750800C6B12A /* LanguageProviderTests.swift in Sources */,
				28B3E3A719AE68A600C6B12A /* regversion.c in Sources */,
				28B3E3B119AE68C800C6B12A /* unicode.c in Sources */,
				280D7E5F19AE283B004F95D4 /* DocumentNodeTests.swift in Sources */,
				28B3E3A419AE687300C6B12A /* json.swift in Sources */,
				28B3E3AD19AE68BC00C6B12A /* regext.c in Sources */,
				28B3E3AA19AE68B300C6B12A /* regparse.c in Sources */,
				280D7E5D19AE2807004F95D4 /* DocumentNode.swift in Sources */,
				287AE0A4199290DF00EEE4F0 /* CodeCombatTests.swift in Sources */,
				280D7E6219AE4E19004F95D4 /* DocumentParser.swift in Sources */,
				28B3E3B319AE68CE00C6B12A /* OnigRegexpUtility.m in Sources */,
				28B3E3A919AE68AC00C6B12A /* regsyntax.c in Sources */,
				28B3E3A519AE688600C6B12A /* OnigRegexp.m in Sources */,
				28B3E3A819AE68A900C6B12A /* regtrav.c in Sources */,
			);
			runOnlyForDeploymentPostprocessing = 0;
		};
/* End PBXSourcesBuildPhase section */

/* Begin PBXTargetDependency section */
		280D7E5819AE268D004F95D4 /* PBXTargetDependency */ = {
			isa = PBXTargetDependency;
			target = 287AE08A199290DF00EEE4F0 /* CodeCombat */;
			targetProxy = 280D7E5719AE268D004F95D4 /* PBXContainerItemProxy */;
		};
		287AE09F199290DF00EEE4F0 /* PBXTargetDependency */ = {
			isa = PBXTargetDependency;
			target = 287AE08A199290DF00EEE4F0 /* CodeCombat */;
			targetProxy = 287AE09E199290DF00EEE4F0 /* PBXContainerItemProxy */;
		};
		288F11D3199C6B8800CA8A71 /* PBXTargetDependency */ = {
			isa = PBXTargetDependency;
			target = 287AE08A199290DF00EEE4F0 /* CodeCombat */;
			targetProxy = 288F11D2199C6B8800CA8A71 /* PBXContainerItemProxy */;
		};
		288F11D5199C6B8900CA8A71 /* PBXTargetDependency */ = {
			isa = PBXTargetDependency;
			target = 287AE08A199290DF00EEE4F0 /* CodeCombat */;
			targetProxy = 288F11D4199C6B8900CA8A71 /* PBXContainerItemProxy */;
		};
		288F11D7199C6BD100CA8A71 /* PBXTargetDependency */ = {
			isa = PBXTargetDependency;
			target = 287AE08A199290DF00EEE4F0 /* CodeCombat */;
			targetProxy = 288F11D6199C6BD100CA8A71 /* PBXContainerItemProxy */;
		};
		288F11D9199C6BD100CA8A71 /* PBXTargetDependency */ = {
			isa = PBXTargetDependency;
			target = 287AE08A199290DF00EEE4F0 /* CodeCombat */;
			targetProxy = 288F11D8199C6BD100CA8A71 /* PBXContainerItemProxy */;
		};
/* End PBXTargetDependency section */

/* Begin XCBuildConfiguration section */
		287AE0A5199290DF00EEE4F0 /* Debug */ = {
			isa = XCBuildConfiguration;
			buildSettings = {
				ALWAYS_SEARCH_USER_PATHS = NO;
				CLANG_CXX_LANGUAGE_STANDARD = "gnu++0x";
				CLANG_CXX_LIBRARY = "libc++";
				CLANG_ENABLE_MODULES = YES;
				CLANG_ENABLE_OBJC_ARC = YES;
				CLANG_WARN_BOOL_CONVERSION = YES;
				CLANG_WARN_CONSTANT_CONVERSION = YES;
				CLANG_WARN_DIRECT_OBJC_ISA_USAGE = YES_ERROR;
				CLANG_WARN_EMPTY_BODY = YES;
				CLANG_WARN_ENUM_CONVERSION = YES;
				CLANG_WARN_INT_CONVERSION = YES;
				CLANG_WARN_OBJC_ROOT_CLASS = YES_ERROR;
				CLANG_WARN_UNREACHABLE_CODE = YES;
				CLANG_WARN__DUPLICATE_METHOD_MATCH = YES;
				"CODE_SIGN_IDENTITY[sdk=iphoneos*]" = "iPhone Developer";
				COPY_PHASE_STRIP = NO;
				ENABLE_STRICT_OBJC_MSGSEND = YES;
				GCC_C_LANGUAGE_STANDARD = gnu99;
				GCC_DYNAMIC_NO_PIC = NO;
				GCC_OPTIMIZATION_LEVEL = 0;
				GCC_PREPROCESSOR_DEFINITIONS = (
					"DEBUG=1",
					"$(inherited)",
				);
				GCC_SYMBOLS_PRIVATE_EXTERN = NO;
				GCC_WARN_64_TO_32_BIT_CONVERSION = YES;
				GCC_WARN_ABOUT_RETURN_TYPE = YES_ERROR;
				GCC_WARN_UNDECLARED_SELECTOR = YES;
				GCC_WARN_UNINITIALIZED_AUTOS = YES_AGGRESSIVE;
				GCC_WARN_UNUSED_FUNCTION = YES;
				GCC_WARN_UNUSED_VARIABLE = YES;
				IPHONEOS_DEPLOYMENT_TARGET = 8.0;
				MTL_ENABLE_DEBUG_INFO = YES;
				ONLY_ACTIVE_ARCH = YES;
				SDKROOT = iphoneos;
				SWIFT_OPTIMIZATION_LEVEL = "-Onone";
				TARGETED_DEVICE_FAMILY = 2;
			};
			name = Debug;
		};
		287AE0A6199290DF00EEE4F0 /* Release */ = {
			isa = XCBuildConfiguration;
			buildSettings = {
				ALWAYS_SEARCH_USER_PATHS = NO;
				CLANG_CXX_LANGUAGE_STANDARD = "gnu++0x";
				CLANG_CXX_LIBRARY = "libc++";
				CLANG_ENABLE_MODULES = YES;
				CLANG_ENABLE_OBJC_ARC = YES;
				CLANG_WARN_BOOL_CONVERSION = YES;
				CLANG_WARN_CONSTANT_CONVERSION = YES;
				CLANG_WARN_DIRECT_OBJC_ISA_USAGE = YES_ERROR;
				CLANG_WARN_EMPTY_BODY = YES;
				CLANG_WARN_ENUM_CONVERSION = YES;
				CLANG_WARN_INT_CONVERSION = YES;
				CLANG_WARN_OBJC_ROOT_CLASS = YES_ERROR;
				CLANG_WARN_UNREACHABLE_CODE = YES;
				CLANG_WARN__DUPLICATE_METHOD_MATCH = YES;
				"CODE_SIGN_IDENTITY[sdk=iphoneos*]" = "iPhone Developer";
				COPY_PHASE_STRIP = YES;
				ENABLE_NS_ASSERTIONS = NO;
				ENABLE_STRICT_OBJC_MSGSEND = YES;
				GCC_C_LANGUAGE_STANDARD = gnu99;
				GCC_WARN_64_TO_32_BIT_CONVERSION = YES;
				GCC_WARN_ABOUT_RETURN_TYPE = YES_ERROR;
				GCC_WARN_UNDECLARED_SELECTOR = YES;
				GCC_WARN_UNINITIALIZED_AUTOS = YES_AGGRESSIVE;
				GCC_WARN_UNUSED_FUNCTION = YES;
				GCC_WARN_UNUSED_VARIABLE = YES;
				IPHONEOS_DEPLOYMENT_TARGET = 8.0;
				MTL_ENABLE_DEBUG_INFO = NO;
				SDKROOT = iphoneos;
				TARGETED_DEVICE_FAMILY = 2;
				VALIDATE_PRODUCT = YES;
			};
			name = Release;
		};
		287AE0A8199290DF00EEE4F0 /* Debug */ = {
			isa = XCBuildConfiguration;
			buildSettings = {
				ASSETCATALOG_COMPILER_APPICON_NAME = AppIcon;
				ASSETCATALOG_COMPILER_LAUNCHIMAGE_NAME = LaunchImage;
				CLANG_ENABLE_MODULES = YES;
				CODE_SIGN_IDENTITY = "iPhone Developer";
				"CODE_SIGN_IDENTITY[sdk=iphoneos*]" = "iPhone Developer";
				FRAMEWORK_SEARCH_PATHS = (
					"$(inherited)",
					"$(PROJECT_DIR)/CodeCombat",
				);
				HEADER_SEARCH_PATHS = (
					"$(inherited)",
					"/Applications/Xcode6-Beta5.app/Contents/Developer/Toolchains/XcodeDefault.xctoolchain/usr/include",
				);
				INFOPLIST_FILE = CodeCombat/Info.plist;
				IPHONEOS_DEPLOYMENT_TARGET = 8.0;
				LD_RUNPATH_SEARCH_PATHS = "$(inherited) @executable_path/Frameworks";
				PRODUCT_NAME = "$(TARGET_NAME)";
				PROVISIONING_PROFILE = "";
				SWIFT_OBJC_BRIDGING_HEADER = "CodeCombat/CodeCombat-Bridging-Header.h";
				SWIFT_OPTIMIZATION_LEVEL = "-Onone";
				USER_HEADER_SEARCH_PATHS = "$(PROJECT_DIR)/CodeCombat/CocoaOniguruma/**";
			};
			name = Debug;
		};
		287AE0A9199290DF00EEE4F0 /* Release */ = {
			isa = XCBuildConfiguration;
			buildSettings = {
				ASSETCATALOG_COMPILER_APPICON_NAME = AppIcon;
				ASSETCATALOG_COMPILER_LAUNCHIMAGE_NAME = LaunchImage;
				CLANG_ENABLE_MODULES = YES;
				CODE_SIGN_IDENTITY = "iPhone Developer";
				"CODE_SIGN_IDENTITY[sdk=iphoneos*]" = "iPhone Developer";
				FRAMEWORK_SEARCH_PATHS = (
					"$(inherited)",
					"$(PROJECT_DIR)/CodeCombat",
				);
				HEADER_SEARCH_PATHS = (
					"$(inherited)",
					"/Applications/Xcode6-Beta5.app/Contents/Developer/Toolchains/XcodeDefault.xctoolchain/usr/include",
				);
				INFOPLIST_FILE = CodeCombat/Info.plist;
				IPHONEOS_DEPLOYMENT_TARGET = 8.0;
				LD_RUNPATH_SEARCH_PATHS = "$(inherited) @executable_path/Frameworks";
				PRODUCT_NAME = "$(TARGET_NAME)";
				PROVISIONING_PROFILE = "";
				SWIFT_OBJC_BRIDGING_HEADER = "CodeCombat/CodeCombat-Bridging-Header.h";
				USER_HEADER_SEARCH_PATHS = "$(PROJECT_DIR)/CodeCombat/CocoaOniguruma/**";
			};
			name = Release;
		};
		287AE0AB199290DF00EEE4F0 /* Debug */ = {
			isa = XCBuildConfiguration;
			buildSettings = {
				FRAMEWORK_SEARCH_PATHS = (
					"$(SDKROOT)/Developer/Library/Frameworks",
					"$(inherited)",
				);
				GCC_OPTIMIZATION_LEVEL = 0;
				GCC_PREPROCESSOR_DEFINITIONS = (
					"DEBUG=1",
					"$(inherited)",
				);
				INFOPLIST_FILE = CodeCombatTests/Info.plist;
				LD_RUNPATH_SEARCH_PATHS = "$(inherited) @executable_path/Frameworks @loader_path/Frameworks";
				PRODUCT_NAME = "$(TARGET_NAME)";
				SWIFT_OBJC_BRIDGING_HEADER = "CodeCombat/CodeCombat-Bridging-Header.h";
				TEST_HOST = "$(BUILT_PRODUCTS_DIR)/CodeCombat.app/CodeCombat";
			};
			name = Debug;
		};
		287AE0AC199290DF00EEE4F0 /* Release */ = {
			isa = XCBuildConfiguration;
			buildSettings = {
				FRAMEWORK_SEARCH_PATHS = (
					"$(SDKROOT)/Developer/Library/Frameworks",
					"$(inherited)",
				);
				GCC_OPTIMIZATION_LEVEL = fast;
				INFOPLIST_FILE = CodeCombatTests/Info.plist;
				LD_RUNPATH_SEARCH_PATHS = "$(inherited) @executable_path/Frameworks @loader_path/Frameworks";
				PRODUCT_NAME = "$(TARGET_NAME)";
				SWIFT_OBJC_BRIDGING_HEADER = "CodeCombat/CodeCombat-Bridging-Header.h";
				TEST_HOST = "$(BUILT_PRODUCTS_DIR)/CodeCombat.app/CodeCombat";
			};
			name = Release;
		};
/* End XCBuildConfiguration section */

/* Begin XCConfigurationList section */
		287AE086199290DF00EEE4F0 /* Build configuration list for PBXProject "CodeCombat" */ = {
			isa = XCConfigurationList;
			buildConfigurations = (
				287AE0A5199290DF00EEE4F0 /* Debug */,
				287AE0A6199290DF00EEE4F0 /* Release */,
			);
			defaultConfigurationIsVisible = 0;
			defaultConfigurationName = Release;
		};
		287AE0A7199290DF00EEE4F0 /* Build configuration list for PBXNativeTarget "CodeCombat" */ = {
			isa = XCConfigurationList;
			buildConfigurations = (
				287AE0A8199290DF00EEE4F0 /* Debug */,
				287AE0A9199290DF00EEE4F0 /* Release */,
			);
			defaultConfigurationIsVisible = 0;
			defaultConfigurationName = Release;
		};
		287AE0AA199290DF00EEE4F0 /* Build configuration list for PBXNativeTarget "CodeCombatTests" */ = {
			isa = XCConfigurationList;
			buildConfigurations = (
				287AE0AB199290DF00EEE4F0 /* Debug */,
				287AE0AC199290DF00EEE4F0 /* Release */,
			);
			defaultConfigurationIsVisible = 0;
			defaultConfigurationName = Release;
		};
/* End XCConfigurationList section */
	};
	rootObject = 287AE083199290DF00EEE4F0 /* Project object */;
}
